// !$*UTF8*$!
{
	archiveVersion = 1;
	classes = {
	};
	objectVersion = 55;
	objects = {

/* Begin PBXBuildFile section */
		F458569827D8CA0700CCA048 /* AppDelegate.swift in Sources */ = {isa = PBXBuildFile; fileRef = F458569727D8CA0700CCA048 /* AppDelegate.swift */; };
		F458569A27D8CA0700CCA048 /* SceneDelegate.swift in Sources */ = {isa = PBXBuildFile; fileRef = F458569927D8CA0700CCA048 /* SceneDelegate.swift */; };
		F458569C27D8CA0700CCA048 /* ViewController.swift in Sources */ = {isa = PBXBuildFile; fileRef = F458569B27D8CA0700CCA048 /* ViewController.swift */; };
		F458569F27D8CA0700CCA048 /* Main.storyboard in Resources */ = {isa = PBXBuildFile; fileRef = F458569D27D8CA0700CCA048 /* Main.storyboard */; };
		F45856A127D8CA0800CCA048 /* Assets.xcassets in Resources */ = {isa = PBXBuildFile; fileRef = F45856A027D8CA0800CCA048 /* Assets.xcassets */; };
		F45856A427D8CA0800CCA048 /* LaunchScreen.storyboard in Resources */ = {isa = PBXBuildFile; fileRef = F45856A227D8CA0800CCA048 /* LaunchScreen.storyboard */; };
		F45856AF27D8CA0800CCA048 /* LandmarkBookTests.swift in Sources */ = {isa = PBXBuildFile; fileRef = F45856AE27D8CA0800CCA048 /* LandmarkBookTests.swift */; };
		F45856B927D8CA0800CCA048 /* LandmarkBookUITests.swift in Sources */ = {isa = PBXBuildFile; fileRef = F45856B827D8CA0800CCA048 /* LandmarkBookUITests.swift */; };
		F45856BB27D8CA0800CCA048 /* LandmarkBookUITestsLaunchTests.swift in Sources */ = {isa = PBXBuildFile; fileRef = F45856BA27D8CA0800CCA048 /* LandmarkBookUITestsLaunchTests.swift */; };
		F4CF5EA427D946C200FD2B8A /* imageViewController.swift in Sources */ = {isa = PBXBuildFile; fileRef = F4CF5EA327D946C200FD2B8A /* imageViewController.swift */; };
/* End PBXBuildFile section */

/* Begin PBXContainerItemProxy section */
		F45856AB27D8CA0800CCA048 /* PBXContainerItemProxy */ = {
			isa = PBXContainerItemProxy;
			containerPortal = F458568C27D8CA0700CCA048 /* Project object */;
			proxyType = 1;
			remoteGlobalIDString = F458569327D8CA0700CCA048;
			remoteInfo = LandmarkBook;
		};
		F45856B527D8CA0800CCA048 /* PBXContainerItemProxy */ = {
			isa = PBXContainerItemProxy;
			containerPortal = F458568C27D8CA0700CCA048 /* Project object */;
			proxyType = 1;
			remoteGlobalIDString = F458569327D8CA0700CCA048;
			remoteInfo = LandmarkBook;
		};
/* End PBXContainerItemProxy section */

/* Begin PBXFileReference section */
		F458569427D8CA0700CCA048 /* LandmarkBook.app */ = {isa = PBXFileReference; explicitFileType = wrapper.application; includeInIndex = 0; path = LandmarkBook.app; sourceTree = BUILT_PRODUCTS_DIR; };
		F458569727D8CA0700CCA048 /* AppDelegate.swift */ = {isa = PBXFileReference; lastKnownFileType = sourcecode.swift; path = AppDelegate.swift; sourceTree = "<group>"; };
		F458569927D8CA0700CCA048 /* SceneDelegate.swift */ = {isa = PBXFileReference; lastKnownFileType = sourcecode.swift; path = SceneDelegate.swift; sourceTree = "<group>"; };
		F458569B27D8CA0700CCA048 /* ViewController.swift */ = {isa = PBXFileReference; lastKnownFileType = sourcecode.swift; path = ViewController.swift; sourceTree = "<group>"; };
		F458569E27D8CA0700CCA048 /* Base */ = {isa = PBXFileReference; lastKnownFileType = file.storyboard; name = Base; path = Base.lproj/Main.storyboard; sourceTree = "<group>"; };
		F45856A027D8CA0800CCA048 /* Assets.xcassets */ = {isa = PBXFileReference; lastKnownFileType = folder.assetcatalog; path = Assets.xcassets; sourceTree = "<group>"; };
		F45856A327D8CA0800CCA048 /* Base */ = {isa = PBXFileReference; lastKnownFileType = file.storyboard; name = Base; path = Base.lproj/LaunchScreen.storyboard; sourceTree = "<group>"; };
		F45856A527D8CA0800CCA048 /* Info.plist */ = {isa = PBXFileReference; lastKnownFileType = text.plist.xml; path = Info.plist; sourceTree = "<group>"; };
		F45856AA27D8CA0800CCA048 /* LandmarkBookTests.xctest */ = {isa = PBXFileReference; explicitFileType = wrapper.cfbundle; includeInIndex = 0; path = LandmarkBookTests.xctest; sourceTree = BUILT_PRODUCTS_DIR; };
		F45856AE27D8CA0800CCA048 /* LandmarkBookTests.swift */ = {isa = PBXFileReference; lastKnownFileType = sourcecode.swift; path = LandmarkBookTests.swift; sourceTree = "<group>"; };
		F45856B427D8CA0800CCA048 /* LandmarkBookUITests.xctest */ = {isa = PBXFileReference; explicitFileType = wrapper.cfbundle; includeInIndex = 0; path = LandmarkBookUITests.xctest; sourceTree = BUILT_PRODUCTS_DIR; };
		F45856B827D8CA0800CCA048 /* LandmarkBookUITests.swift */ = {isa = PBXFileReference; lastKnownFileType = sourcecode.swift; path = LandmarkBookUITests.swift; sourceTree = "<group>"; };
		F45856BA27D8CA0800CCA048 /* LandmarkBookUITestsLaunchTests.swift */ = {isa = PBXFileReference; lastKnownFileType = sourcecode.swift; path = LandmarkBookUITestsLaunchTests.swift; sourceTree = "<group>"; };
		F4CF5EA327D946C200FD2B8A /* imageViewController.swift */ = {isa = PBXFileReference; lastKnownFileType = sourcecode.swift; path = imageViewController.swift; sourceTree = "<group>"; };
/* End PBXFileReference section */

/* Begin PBXFrameworksBuildPhase section */
		F458569127D8CA0700CCA048 /* Frameworks */ = {
			isa = PBXFrameworksBuildPhase;
			buildActionMask = 2147483647;
			files = (
			);
			runOnlyForDeploymentPostprocessing = 0;
		};
		F45856A727D8CA0800CCA048 /* Frameworks */ = {
			isa = PBXFrameworksBuildPhase;
			buildActionMask = 2147483647;
			files = (
			);
			runOnlyForDeploymentPostprocessing = 0;
		};
		F45856B127D8CA0800CCA048 /* Frameworks */ = {
			isa = PBXFrameworksBuildPhase;
			buildActionMask = 2147483647;
			files = (
			);
			runOnlyForDeploymentPostprocessing = 0;
		};
/* End PBXFrameworksBuildPhase section */

/* Begin PBXGroup section */
		F458568B27D8CA0700CCA048 = {
			isa = PBXGroup;
			children = (
				F458569627D8CA0700CCA048 /* LandmarkBook */,
				F45856AD27D8CA0800CCA048 /* LandmarkBookTests */,
				F45856B727D8CA0800CCA048 /* LandmarkBookUITests */,
				F458569527D8CA0700CCA048 /* Products */,
			);
			sourceTree = "<group>";
		};
		F458569527D8CA0700CCA048 /* Products */ = {
			isa = PBXGroup;
			children = (
				F458569427D8CA0700CCA048 /* LandmarkBook.app */,
				F45856AA27D8CA0800CCA048 /* LandmarkBookTests.xctest */,
				F45856B427D8CA0800CCA048 /* LandmarkBookUITests.xctest */,
			);
			name = Products;
			sourceTree = "<group>";
		};
		F458569627D8CA0700CCA048 /* LandmarkBook */ = {
			isa = PBXGroup;
			children = (
				F458569727D8CA0700CCA048 /* AppDelegate.swift */,
				F458569927D8CA0700CCA048 /* SceneDelegate.swift */,
				F458569B27D8CA0700CCA048 /* ViewController.swift */,
				F4CF5EA327D946C200FD2B8A /* imageViewController.swift */,
				F458569D27D8CA0700CCA048 /* Main.storyboard */,
				F45856A027D8CA0800CCA048 /* Assets.xcassets */,
				F45856A227D8CA0800CCA048 /* LaunchScreen.storyboard */,
				F45856A527D8CA0800CCA048 /* Info.plist */,
			);
			path = LandmarkBook;
			sourceTree = "<group>";
		};
		F45856AD27D8CA0800CCA048 /* LandmarkBookTests */ = {
			isa = PBXGroup;
			children = (
				F45856AE27D8CA0800CCA048 /* LandmarkBookTests.swift */,
			);
			path = LandmarkBookTests;
			sourceTree = "<group>";
		};
		F45856B727D8CA0800CCA048 /* LandmarkBookUITests */ = {
			isa = PBXGroup;
			children = (
				F45856B827D8CA0800CCA048 /* LandmarkBookUITests.swift */,
				F45856BA27D8CA0800CCA048 /* LandmarkBookUITestsLaunchTests.swift */,
			);
			path = LandmarkBookUITests;
			sourceTree = "<group>";
		};
/* End PBXGroup section */

/* Begin PBXNativeTarget section */
		F458569327D8CA0700CCA048 /* LandmarkBook */ = {
			isa = PBXNativeTarget;
			buildConfigurationList = F45856BE27D8CA0800CCA048 /* Build configuration list for PBXNativeTarget "LandmarkBook" */;
			buildPhases = (
				F458569027D8CA0700CCA048 /* Sources */,
				F458569127D8CA0700CCA048 /* Frameworks */,
				F458569227D8CA0700CCA048 /* Resources */,
			);
			buildRules = (
			);
			dependencies = (
			);
			name = LandmarkBook;
			productName = LandmarkBook;
			productReference = F458569427D8CA0700CCA048 /* LandmarkBook.app */;
			productType = "com.apple.product-type.application";
		};
		F45856A927D8CA0800CCA048 /* LandmarkBookTests */ = {
			isa = PBXNativeTarget;
			buildConfigurationList = F45856C127D8CA0800CCA048 /* Build configuration list for PBXNativeTarget "LandmarkBookTests" */;
			buildPhases = (
				F45856A627D8CA0800CCA048 /* Sources */,
				F45856A727D8CA0800CCA048 /* Frameworks */,
				F45856A827D8CA0800CCA048 /* Resources */,
			);
			buildRules = (
			);
			dependencies = (
				F45856AC27D8CA0800CCA048 /* PBXTargetDependency */,
			);
			name = LandmarkBookTests;
			productName = LandmarkBookTests;
			productReference = F45856AA27D8CA0800CCA048 /* LandmarkBookTests.xctest */;
			productType = "com.apple.product-type.bundle.unit-test";
		};
		F45856B327D8CA0800CCA048 /* LandmarkBookUITests */ = {
			isa = PBXNativeTarget;
			buildConfigurationList = F45856C427D8CA0800CCA048 /* Build configuration list for PBXNativeTarget "LandmarkBookUITests" */;
			buildPhases = (
				F45856B027D8CA0800CCA048 /* Sources */,
				F45856B127D8CA0800CCA048 /* Frameworks */,
				F45856B227D8CA0800CCA048 /* Resources */,
			);
			buildRules = (
			);
			dependencies = (
				F45856B627D8CA0800CCA048 /* PBXTargetDependency */,
			);
			name = LandmarkBookUITests;
			productName = LandmarkBookUITests;
			productReference = F45856B427D8CA0800CCA048 /* LandmarkBookUITests.xctest */;
			productType = "com.apple.product-type.bundle.ui-testing";
		};
/* End PBXNativeTarget section */

/* Begin PBXProject section */
		F458568C27D8CA0700CCA048 /* Project object */ = {
			isa = PBXProject;
			attributes = {
				BuildIndependentTargetsInParallel = 1;
				LastSwiftUpdateCheck = 1320;
				LastUpgradeCheck = 1320;
				TargetAttributes = {
					F458569327D8CA0700CCA048 = {
						CreatedOnToolsVersion = 13.2.1;
					};
					F45856A927D8CA0800CCA048 = {
						CreatedOnToolsVersion = 13.2.1;
						TestTargetID = F458569327D8CA0700CCA048;
					};
					F45856B327D8CA0800CCA048 = {
						CreatedOnToolsVersion = 13.2.1;
						TestTargetID = F458569327D8CA0700CCA048;
					};
				};
			};
			buildConfigurationList = F458568F27D8CA0700CCA048 /* Build configuration list for PBXProject "LandmarkBook" */;
			compatibilityVersion = "Xcode 13.0";
			developmentRegion = en;
			hasScannedForEncodings = 0;
			knownRegions = (
				en,
				Base,
			);
			mainGroup = F458568B27D8CA0700CCA048;
			productRefGroup = F458569527D8CA0700CCA048 /* Products */;
			projectDirPath = "";
			projectRoot = "";
			targets = (
				F458569327D8CA0700CCA048 /* LandmarkBook */,
				F45856A927D8CA0800CCA048 /* LandmarkBookTests */,
				F45856B327D8CA0800CCA048 /* LandmarkBookUITests */,
			);
		};
/* End PBXProject section */

/* Begin PBXResourcesBuildPhase section */
		F458569227D8CA0700CCA048 /* Resources */ = {
			isa = PBXResourcesBuildPhase;
			buildActionMask = 2147483647;
			files = (
				F45856A427D8CA0800CCA048 /* LaunchScreen.storyboard in Resources */,
				F45856A127D8CA0800CCA048 /* Assets.xcassets in Resources */,
				F458569F27D8CA0700CCA048 /* Main.storyboard in Resources */,
			);
			runOnlyForDeploymentPostprocessing = 0;
		};
		F45856A827D8CA0800CCA048 /* Resources */ = {
			isa = PBXResourcesBuildPhase;
			buildActionMask = 2147483647;
			files = (
			);
			runOnlyForDeploymentPostprocessing = 0;
		};
		F45856B227D8CA0800CCA048 /* Resources */ = {
			isa = PBXResourcesBuildPhase;
			buildActionMask = 2147483647;
			files = (
			);
			runOnlyForDeploymentPostprocessing = 0;
		};
/* End PBXResourcesBuildPhase section */

/* Begin PBXSourcesBuildPhase section */
		F458569027D8CA0700CCA048 /* Sources */ = {
			isa = PBXSourcesBuildPhase;
			buildActionMask = 2147483647;
			files = (
				F458569C27D8CA0700CCA048 /* ViewController.swift in Sources */,
				F458569827D8CA0700CCA048 /* AppDelegate.swift in Sources */,
				F4CF5EA427D946C200FD2B8A /* imageViewController.swift in Sources */,
				F458569A27D8CA0700CCA048 /* SceneDelegate.swift in Sources */,
			);
			runOnlyForDeploymentPostprocessing = 0;
		};
		F45856A627D8CA0800CCA048 /* Sources */ = {
			isa = PBXSourcesBuildPhase;
			buildActionMask = 2147483647;
			files = (
				F45856AF27D8CA0800CCA048 /* LandmarkBookTests.swift in Sources */,
			);
			runOnlyForDeploymentPostprocessing = 0;
		};
		F45856B027D8CA0800CCA048 /* Sources */ = {
			isa = PBXSourcesBuildPhase;
			buildActionMask = 2147483647;
			files = (
				F45856B927D8CA0800CCA048 /* LandmarkBookUITests.swift in Sources */,
				F45856BB27D8CA0800CCA048 /* LandmarkBookUITestsLaunchTests.swift in Sources */,
			);
			runOnlyForDeploymentPostprocessing = 0;
		};
/* End PBXSourcesBuildPhase section */

/* Begin PBXTargetDependency section */
		F45856AC27D8CA0800CCA048 /* PBXTargetDependency */ = {
			isa = PBXTargetDependency;
			target = F458569327D8CA0700CCA048 /* LandmarkBook */;
			targetProxy = F45856AB27D8CA0800CCA048 /* PBXContainerItemProxy */;
		};
		F45856B627D8CA0800CCA048 /* PBXTargetDependency */ = {
			isa = PBXTargetDependency;
			target = F458569327D8CA0700CCA048 /* LandmarkBook */;
			targetProxy = F45856B527D8CA0800CCA048 /* PBXContainerItemProxy */;
		};
/* End PBXTargetDependency section */

/* Begin PBXVariantGroup section */
		F458569D27D8CA0700CCA048 /* Main.storyboard */ = {
			isa = PBXVariantGroup;
			children = (
				F458569E27D8CA0700CCA048 /* Base */,
			);
			name = Main.storyboard;
			sourceTree = "<group>";
		};
		F45856A227D8CA0800CCA048 /* LaunchScreen.storyboard */ = {
			isa = PBXVariantGroup;
			children = (
				F45856A327D8CA0800CCA048 /* Base */,
			);
			name = LaunchScreen.storyboard;
			sourceTree = "<group>";
		};
/* End PBXVariantGroup section */

/* Begin XCBuildConfiguration section */
		F45856BC27D8CA0800CCA048 /* Debug */ = {
			isa = XCBuildConfiguration;
			buildSettings = {
				ALWAYS_SEARCH_USER_PATHS = NO;
				CLANG_ANALYZER_NONNULL = YES;
				CLANG_ANALYZER_NUMBER_OBJECT_CONVERSION = YES_AGGRESSIVE;
				CLANG_CXX_LANGUAGE_STANDARD = "gnu++17";
				CLANG_CXX_LIBRARY = "libc++";
				CLANG_ENABLE_MODULES = YES;
				CLANG_ENABLE_OBJC_ARC = YES;
				CLANG_ENABLE_OBJC_WEAK = YES;
				CLANG_WARN_BLOCK_CAPTURE_AUTORELEASING = YES;
				CLANG_WARN_BOOL_CONVERSION = YES;
				CLANG_WARN_COMMA = YES;
				CLANG_WARN_CONSTANT_CONVERSION = YES;
				CLANG_WARN_DEPRECATED_OBJC_IMPLEMENTATIONS = YES;
				CLANG_WARN_DIRECT_OBJC_ISA_USAGE = YES_ERROR;
				CLANG_WARN_DOCUMENTATION_COMMENTS = YES;
				CLANG_WARN_EMPTY_BODY = YES;
				CLANG_WARN_ENUM_CONVERSION = YES;
				CLANG_WARN_INFINITE_RECURSION = YES;
				CLANG_WARN_INT_CONVERSION = YES;
				CLANG_WARN_NON_LITERAL_NULL_CONVERSION = YES;
				CLANG_WARN_OBJC_IMPLICIT_RETAIN_SELF = YES;
				CLANG_WARN_OBJC_LITERAL_CONVERSION = YES;
				CLANG_WARN_OBJC_ROOT_CLASS = YES_ERROR;
				CLANG_WARN_QUOTED_INCLUDE_IN_FRAMEWORK_HEADER = YES;
				CLANG_WARN_RANGE_LOOP_ANALYSIS = YES;
				CLANG_WARN_STRICT_PROTOTYPES = YES;
				CLANG_WARN_SUSPICIOUS_MOVE = YES;
				CLANG_WARN_UNGUARDED_AVAILABILITY = YES_AGGRESSIVE;
				CLANG_WARN_UNREACHABLE_CODE = YES;
				CLANG_WARN__DUPLICATE_METHOD_MATCH = YES;
				COPY_PHASE_STRIP = NO;
				DEBUG_INFORMATION_FORMAT = dwarf;
				ENABLE_STRICT_OBJC_MSGSEND = YES;
				ENABLE_TESTABILITY = YES;
				GCC_C_LANGUAGE_STANDARD = gnu11;
				GCC_DYNAMIC_NO_PIC = NO;
				GCC_NO_COMMON_BLOCKS = YES;
				GCC_OPTIMIZATION_LEVEL = 0;
				GCC_PREPROCESSOR_DEFINITIONS = (
					"DEBUG=1",
					"$(inherited)",
				);
				GCC_WARN_64_TO_32_BIT_CONVERSION = YES;
				GCC_WARN_ABOUT_RETURN_TYPE = YES_ERROR;
				GCC_WARN_UNDECLARED_SELECTOR = YES;
				GCC_WARN_UNINITIALIZED_AUTOS = YES_AGGRESSIVE;
				GCC_WARN_UNUSED_FUNCTION = YES;
				GCC_WARN_UNUSED_VARIABLE = YES;
				IPHONEOS_DEPLOYMENT_TARGET = 15.2;
				MTL_ENABLE_DEBUG_INFO = INCLUDE_SOURCE;
				MTL_FAST_MATH = YES;
				ONLY_ACTIVE_ARCH = YES;
				SDKROOT = iphoneos;
				SWIFT_ACTIVE_COMPILATION_CONDITIONS = DEBUG;
				SWIFT_OPTIMIZATION_LEVEL = "-Onone";
			};
			name = Debug;
		};
		F45856BD27D8CA0800CCA048 /* Release */ = {
			isa = XCBuildConfiguration;
			buildSettings = {
				ALWAYS_SEARCH_USER_PATHS = NO;
				CLANG_ANALYZER_NONNULL = YES;
				CLANG_ANALYZER_NUMBER_OBJECT_CONVERSION = YES_AGGRESSIVE;
				CLANG_CXX_LANGUAGE_STANDARD = "gnu++17";
				CLANG_CXX_LIBRARY = "libc++";
				CLANG_ENABLE_MODULES = YES;
				CLANG_ENABLE_OBJC_ARC = YES;
				CLANG_ENABLE_OBJC_WEAK = YES;
				CLANG_WARN_BLOCK_CAPTURE_AUTORELEASING = YES;
				CLANG_WARN_BOOL_CONVERSION = YES;
				CLANG_WARN_COMMA = YES;
				CLANG_WARN_CONSTANT_CONVERSION = YES;
				CLANG_WARN_DEPRECATED_OBJC_IMPLEMENTATIONS = YES;
				CLANG_WARN_DIRECT_OBJC_ISA_USAGE = YES_ERROR;
				CLANG_WARN_DOCUMENTATION_COMMENTS = YES;
				CLANG_WARN_EMPTY_BODY = YES;
				CLANG_WARN_ENUM_CONVERSION = YES;
				CLANG_WARN_INFINITE_RECURSION = YES;
				CLANG_WARN_INT_CONVERSION = YES;
				CLANG_WARN_NON_LITERAL_NULL_CONVERSION = YES;
				CLANG_WARN_OBJC_IMPLICIT_RETAIN_SELF = YES;
				CLANG_WARN_OBJC_LITERAL_CONVERSION = YES;
				CLANG_WARN_OBJC_ROOT_CLASS = YES_ERROR;
				CLANG_WARN_QUOTED_INCLUDE_IN_FRAMEWORK_HEADER = YES;
				CLANG_WARN_RANGE_LOOP_ANALYSIS = YES;
				CLANG_WARN_STRICT_PROTOTYPES = YES;
				CLANG_WARN_SUSPICIOUS_MOVE = YES;
				CLANG_WARN_UNGUARDED_AVAILABILITY = YES_AGGRESSIVE;
				CLANG_WARN_UNREACHABLE_CODE = YES;
				CLANG_WARN__DUPLICATE_METHOD_MATCH = YES;
				COPY_PHASE_STRIP = NO;
				DEBUG_INFORMATION_FORMAT = "dwarf-with-dsym";
				ENABLE_NS_ASSERTIONS = NO;
				ENABLE_STRICT_OBJC_MSGSEND = YES;
				GCC_C_LANGUAGE_STANDARD = gnu11;
				GCC_NO_COMMON_BLOCKS = YES;
				GCC_WARN_64_TO_32_BIT_CONVERSION = YES;
				GCC_WARN_ABOUT_RETURN_TYPE = YES_ERROR;
				GCC_WARN_UNDECLARED_SELECTOR = YES;
				GCC_WARN_UNINITIALIZED_AUTOS = YES_AGGRESSIVE;
				GCC_WARN_UNUSED_FUNCTION = YES;
				GCC_WARN_UNUSED_VARIABLE = YES;
				IPHONEOS_DEPLOYMENT_TARGET = 15.2;
				MTL_ENABLE_DEBUG_INFO = NO;
				MTL_FAST_MATH = YES;
				SDKROOT = iphoneos;
				SWIFT_COMPILATION_MODE = wholemodule;
				SWIFT_OPTIMIZATION_LEVEL = "-O";
				VALIDATE_PRODUCT = YES;
			};
			name = Release;
		};
		F45856BF27D8CA0800CCA048 /* Debug */ = {
			isa = XCBuildConfiguration;
			buildSettings = {
				ASSETCATALOG_COMPILER_APPICON_NAME = AppIcon;
				ASSETCATALOG_COMPILER_GLOBAL_ACCENT_COLOR_NAME = AccentColor;
				CODE_SIGN_STYLE = Automatic;
				CURRENT_PROJECT_VERSION = 1;
				GENERATE_INFOPLIST_FILE = YES;
				INFOPLIST_FILE = LandmarkBook/Info.plist;
				INFOPLIST_KEY_UIApplicationSupportsIndirectInputEvents = YES;
				INFOPLIST_KEY_UILaunchStoryboardName = LaunchScreen;
				INFOPLIST_KEY_UIMainStoryboardFile = Main;
				INFOPLIST_KEY_UISupportedInterfaceOrientations_iPad = "UIInterfaceOrientationPortrait UIInterfaceOrientationPortraitUpsideDown UIInterfaceOrientationLandscapeLeft UIInterfaceOrientationLandscapeRight";
				INFOPLIST_KEY_UISupportedInterfaceOrientations_iPhone = "UIInterfaceOrientationPortrait UIInterfaceOrientationLandscapeLeft UIInterfaceOrientationLandscapeRight";
				LD_RUNPATH_SEARCH_PATHS = (
					"$(inherited)",
					"@executable_path/Frameworks",
				);
				MARKETING_VERSION = 1.0;
				PRODUCT_BUNDLE_IDENTIFIER = com.ilaydadora.LandmarkBook;
				PRODUCT_NAME = "$(TARGET_NAME)";
				SWIFT_EMIT_LOC_STRINGS = YES;
				SWIFT_VERSION = 5.0;
				TARGETED_DEVICE_FAMILY = "1,2";
			};
			name = Debug;
		};
		F45856C027D8CA0800CCA048 /* Release */ = {
			isa = XCBuildConfiguration;
			buildSettings = {
				ASSETCATALOG_COMPILER_APPICON_NAME = AppIcon;
				ASSETCATALOG_COMPILER_GLOBAL_ACCENT_COLOR_NAME = AccentColor;
				CODE_SIGN_STYLE = Automatic;
				CURRENT_PROJECT_VERSION = 1;
				GENERATE_INFOPLIST_FILE = YES;
				INFOPLIST_FILE = LandmarkBook/Info.plist;
				INFOPLIST_KEY_UIApplicationSupportsIndirectInputEvents = YES;
				INFOPLIST_KEY_UILaunchStoryboardName = LaunchScreen;
				INFOPLIST_KEY_UIMainStoryboardFile = Main;
				INFOPLIST_KEY_UISupportedInterfaceOrientations_iPad = "UIInterfaceOrientationPortrait UIInterfaceOrientationPortraitUpsideDown UIInterfaceOrientationLandscapeLeft UIInterfaceOrientationLandscapeRight";
				INFOPLIST_KEY_UISupportedInterfaceOrientations_iPhone = "UIInterfaceOrientationPortrait UIInterfaceOrientationLandscapeLeft UIInterfaceOrientationLandscapeRight";
				LD_RUNPATH_SEARCH_PATHS = (
					"$(inherited)",
					"@executable_path/Frameworks",
				);
				MARKETING_VERSION = 1.0;
				PRODUCT_BUNDLE_IDENTIFIER = com.ilaydadora.LandmarkBook;
				PRODUCT_NAME = "$(TARGET_NAME)";
				SWIFT_EMIT_LOC_STRINGS = YES;
				SWIFT_VERSION = 5.0;
				TARGETED_DEVICE_FAMILY = "1,2";
			};
			name = Release;
		};
		F45856C227D8CA0800CCA048 /* Debug */ = {
			isa = XCBuildConfiguration;
			buildSettings = {
				ALWAYS_EMBED_SWIFT_STANDARD_LIBRARIES = YES;
				BUNDLE_LOADER = "$(TEST_HOST)";
				CODE_SIGN_STYLE = Automatic;
				CURRENT_PROJECT_VERSION = 1;
				GENERATE_INFOPLIST_FILE = YES;
				IPHONEOS_DEPLOYMENT_TARGET = 15.2;
				MARKETING_VERSION = 1.0;
				PRODUCT_BUNDLE_IDENTIFIER = com.ilaydadora.LandmarkBookTests;
				PRODUCT_NAME = "$(TARGET_NAME)";
				SWIFT_EMIT_LOC_STRINGS = NO;
				SWIFT_VERSION = 5.0;
				TARGETED_DEVICE_FAMILY = "1,2";
				TEST_HOST = "$(BUILT_PRODUCTS_DIR)/LandmarkBook.app/LandmarkBook";
			};
			name = Debug;
		};
		F45856C327D8CA0800CCA048 /* Release */ = {
			isa = XCBuildConfiguration;
			buildSettings = {
				ALWAYS_EMBED_SWIFT_STANDARD_LIBRARIES = YES;
				BUNDLE_LOADER = "$(TEST_HOST)";
				CODE_SIGN_STYLE = Automatic;
				CURRENT_PROJECT_VERSION = 1;
				GENERATE_INFOPLIST_FILE = YES;
				IPHONEOS_DEPLOYMENT_TARGET = 15.2;
				MARKETING_VERSION = 1.0;
				PRODUCT_BUNDLE_IDENTIFIER = com.ilaydadora.LandmarkBookTests;
				PRODUCT_NAME = "$(TARGET_NAME)";
				SWIFT_EMIT_LOC_STRINGS = NO;
				SWIFT_VERSION = 5.0;
				TARGETED_DEVICE_FAMILY = "1,2";
				TEST_HOST = "$(BUILT_PRODUCTS_DIR)/LandmarkBook.app/LandmarkBook";
			};
			name = Release;
		};
		F45856C527D8CA0800CCA048 /* Debug */ = {
			isa = XCBuildConfiguration;
			buildSettings = {
				ALWAYS_EMBED_SWIFT_STANDARD_LIBRARIES = YES;
				CODE_SIGN_STYLE = Automatic;
				CURRENT_PROJECT_VERSION = 1;
				GENERATE_INFOPLIST_FILE = YES;
				MARKETING_VERSION = 1.0;
				PRODUCT_BUNDLE_IDENTIFIER = com.ilaydadora.LandmarkBookUITests;
				PRODUCT_NAME = "$(TARGET_NAME)";
				SWIFT_EMIT_LOC_STRINGS = NO;
				SWIFT_VERSION = 5.0;
				TARGETED_DEVICE_FAMILY = "1,2";
				TEST_TARGET_NAME = LandmarkBook;
			};
			name = Debug;
		};
		F45856C627D8CA0800CCA048 /* Release */ = {
			isa = XCBuildConfiguration;
			buildSettings = {
				ALWAYS_EMBED_SWIFT_STANDARD_LIBRARIES = YES;
				CODE_SIGN_STYLE = Automatic;
				CURRENT_PROJECT_VERSION = 1;
				GENERATE_INFOPLIST_FILE = YES;
				MARKETING_VERSION = 1.0;
				PRODUCT_BUNDLE_IDENTIFIER = com.ilaydadora.LandmarkBookUITests;
				PRODUCT_NAME = "$(TARGET_NAME)";
				SWIFT_EMIT_LOC_STRINGS = NO;
				SWIFT_VERSION = 5.0;
				TARGETED_DEVICE_FAMILY = "1,2";
				TEST_TARGET_NAME = LandmarkBook;
			};
			name = Release;
		};
/* End XCBuildConfiguration section */

/* Begin XCConfigurationList section */
		F458568F27D8CA0700CCA048 /* Build configuration list for PBXProject "LandmarkBook" */ = {
			isa = XCConfigurationList;
			buildConfigurations = (
				F45856BC27D8CA0800CCA048 /* Debug */,
				F45856BD27D8CA0800CCA048 /* Release */,
			);
			defaultConfigurationIsVisible = 0;
			defaultConfigurationName = Release;
		};
		F45856BE27D8CA0800CCA048 /* Build configuration list for PBXNativeTarget "LandmarkBook" */ = {
			isa = XCConfigurationList;
			buildConfigurations = (
				F45856BF27D8CA0800CCA048 /* Debug */,
				F45856C027D8CA0800CCA048 /* Release */,
			);
			defaultConfigurationIsVisible = 0;
			defaultConfigurationName = Release;
		};
		F45856C127D8CA0800CCA048 /* Build configuration list for PBXNativeTarget "LandmarkBookTests" */ = {
			isa = XCConfigurationList;
			buildConfigurations = (
				F45856C227D8CA0800CCA048 /* Debug */,
				F45856C327D8CA0800CCA048 /* Release */,
			);
			defaultConfigurationIsVisible = 0;
			defaultConfigurationName = Release;
		};
		F45856C427D8CA0800CCA048 /* Build configuration list for PBXNativeTarget "LandmarkBookUITests" */ = {
			isa = XCConfigurationList;
			buildConfigurations = (
				F45856C527D8CA0800CCA048 /* Debug */,
				F45856C627D8CA0800CCA048 /* Release */,
			);
			defaultConfigurationIsVisible = 0;
			defaultConfigurationName = Release;
		};
/* End XCConfigurationList section */
	};
	rootObject = F458568C27D8CA0700CCA048 /* Project object */;
}
